[root]
name = "game-off-2016"
version = "0.1.0"
dependencies = [
 "termion 1.1.2 (registry+https://github.com/rust-lang/crates.io-index)",
 "thread-scoped 1.0.1 (registry+https://github.com/rust-lang/crates.io-index)",
 "voodoo 0.1.0",
]

[[package]]
name = "libc"
version = "0.2.17"
source = "registry+https://github.com/rust-lang/crates.io-index"

[[package]]
name = "termion"
version = "1.1.2"
source = "registry+https://github.com/rust-lang/crates.io-index"
dependencies = [
 "libc 0.2.17 (registry+https://github.com/rust-lang/crates.io-index)",
]

[[package]]
name = "thread-scoped"
version = "1.0.1"
source = "registry+https://github.com/rust-lang/crates.io-index"

[[package]]
name = "voodoo"
version = "0.1.0"
dependencies = [
 "termion 1.1.2 (registry+https://github.com/rust-lang/crates.io-index)",
]

[metadata]
"checksum libc 0.2.17 (registry+https://github.com/rust-lang/crates.io-index)" = "044d1360593a78f5c8e5e710beccdc24ab71d1f01bc19a29bcacdba22e8475d8"
"checksum termion 1.1.2 (registry+https://github.com/rust-lang/crates.io-index)" = "b38671f376ed6147ce4bc7df3f216f68631beb17433c205e2adb30a2d6b33e45"
"checksum thread-scoped 1.0.1 (registry+https://github.com/rust-lang/crates.io-index)" = "14387dce246d09efe184c8ebc34d9db5c0672a908b2f50efc53359ae13d5ae68"
